{
    "_readme": [
        "This file locks the dependencies of your project to a known state",
        "Read more about it at https://getcomposer.org/doc/01-basic-usage.md#installing-dependencies",
        "This file is @generated automatically"
    ],
    "content-hash": "9c8b44dec7690276a9e55fba1aae59d1",
    "packages": [
        {
            "name": "craftgate/craftgate",
            "version": "1.0.1",
            "source": {
                "type": "git",
                "url": "https://github.com/craftgate/craftgate-php-client.git",
                "reference": "d03bafb93c8cfa86bc72b3f21293e7abdb1c1d01"
            },
            "dist": {
                "type": "zip",
                "url": "https://api.github.com/repos/craftgate/craftgate-php-client/zipball/d03bafb93c8cfa86bc72b3f21293e7abdb1c1d01",
                "reference": "d03bafb93c8cfa86bc72b3f21293e7abdb1c1d01",
                "shasum": ""
            },
            "require": {
                "ext-curl": "*",
                "ext-json": "*",
                "php": ">=5.3.0"
            },
            "require-dev": {
                "phpunit/phpunit": "~4.0|~5.0|~9.0"
            },
            "type": "library",
            "autoload": {
                "psr-4": {
                    "Craftgate\\": "src/"
                }
            },
            "notification-url": "https://packagist.org/downloads/",
            "license": [
                "MIT"
            ],
            "authors": [
                {
                    "name": "Craftgate developers and contributors",
                    "homepage": "https://github.com/craftgate/craftgate-php-client/contributors"
                }
            ],
            "description": "craftgate php client",
            "homepage": "https://craftgate.io",
            "keywords": [
                "craftgate",
                "craftgate.io"
            ],
            "support": {
                "issues": "https://github.com/craftgate/craftgate-php-client/issues",
                "source": "https://github.com/craftgate/craftgate-php-client/tree/1.0.1"
            },
            "time": "2021-02-10T17:58:43+00:00"
        }
    ],
    "packages-dev": [],
    "aliases": [],
    "minimum-stability": "stable",
    "stability-flags": [],
    "prefer-stable": false,
    "prefer-lowest": false,
    "platform": [],
    "platform-dev": [],
    "plugin-api-version": "2.0.0"
}
